// !$*UTF8*$!
{
	archiveVersion = 1;
	classes = {
	};
	objectVersion = 46;
	objects = {

/* Begin PBXBuildFile section */
		298A29831A0B0143007D2D46 /* main.m in Sources */ = {isa = PBXBuildFile; fileRef = 298A29821A0B0143007D2D46 /* main.m */; };
		298A29861A0B0143007D2D46 /* AppDelegate.m in Sources */ = {isa = PBXBuildFile; fileRef = 298A29851A0B0143007D2D46 /* AppDelegate.m */; };
		298A29891A0B0143007D2D46 /* ViewController.m in Sources */ = {isa = PBXBuildFile; fileRef = 298A29881A0B0143007D2D46 /* ViewController.m */; };
		298A298C1A0B0143007D2D46 /* Main.storyboard in Resources */ = {isa = PBXBuildFile; fileRef = 298A298A1A0B0143007D2D46 /* Main.storyboard */; };
		298A298E1A0B0143007D2D46 /* Images.xcassets in Resources */ = {isa = PBXBuildFile; fileRef = 298A298D1A0B0143007D2D46 /* Images.xcassets */; };
		298A29911A0B0143007D2D46 /* LaunchScreen.xib in Resources */ = {isa = PBXBuildFile; fileRef = 298A298F1A0B0143007D2D46 /* LaunchScreen.xib */; };
		298A299D1A0B0143007D2D46 /* TestCoreMotionTests.m in Sources */ = {isa = PBXBuildFile; fileRef = 298A299C1A0B0143007D2D46 /* TestCoreMotionTests.m */; };
		298A29AA1A0B033F007D2D46 /* SecondViewController.m in Sources */ = {isa = PBXBuildFile; fileRef = 298A29A91A0B033F007D2D46 /* SecondViewController.m */; };
		298A29AC1A0B0463007D2D46 /* 2.png in Resources */ = {isa = PBXBuildFile; fileRef = 298A29AB1A0B0463007D2D46 /* 2.png */; };
		298A29AE1A0B06FC007D2D46 /* Default-568h@2x.png in Resources */ = {isa = PBXBuildFile; fileRef = 298A29AD1A0B06FC007D2D46 /* Default-568h@2x.png */; };
		298A29B01A0B0BE8007D2D46 /* 3.png in Resources */ = {isa = PBXBuildFile; fileRef = 298A29AF1A0B0BE8007D2D46 /* 3.png */; };
		298A29B31A0B0E45007D2D46 /* ThirdViewController.m in Sources */ = {isa = PBXBuildFile; fileRef = 298A29B21A0B0E45007D2D46 /* ThirdViewController.m */; };
		298A29B51A0B0EFB007D2D46 /* 1.png in Resources */ = {isa = PBXBuildFile; fileRef = 298A29B41A0B0EFB007D2D46 /* 1.png */; };
		298A29B81A0B1377007D2D46 /* FourViewController.m in Sources */ = {isa = PBXBuildFile; fileRef = 298A29B71A0B1377007D2D46 /* FourViewController.m */; };
/* End PBXBuildFile section */

/* Begin PBXContainerItemProxy section */
		298A29971A0B0143007D2D46 /* PBXContainerItemProxy */ = {
			isa = PBXContainerItemProxy;
			containerPortal = 298A29751A0B0143007D2D46 /* Project object */;
			proxyType = 1;
			remoteGlobalIDString = 298A297C1A0B0143007D2D46;
			remoteInfo = TestCoreMotion;
		};
/* End PBXContainerItemProxy section */

/* Begin PBXFileReference section */
		298A297D1A0B0143007D2D46 /* TestCoreMotion.app */ = {isa = PBXFileReference; explicitFileType = wrapper.application; includeInIndex = 0; path = TestCoreMotion.app; sourceTree = BUILT_PRODUCTS_DIR; };
		298A29811A0B0143007D2D46 /* Info.plist */ = {isa = PBXFileReference; lastKnownFileType = text.plist.xml; path = Info.plist; sourceTree = "<group>"; };
		298A29821A0B0143007D2D46 /* main.m */ = {isa = PBXFileReference; lastKnownFileType = sourcecode.c.objc; path = main.m; sourceTree = "<group>"; };
		298A29841A0B0143007D2D46 /* AppDelegate.h */ = {isa = PBXFileReference; lastKnownFileType = sourcecode.c.h; path = AppDelegate.h; sourceTree = "<group>"; };
		298A29851A0B0143007D2D46 /* AppDelegate.m */ = {isa = PBXFileReference; lastKnownFileType = sourcecode.c.objc; path = AppDelegate.m; sourceTree = "<group>"; };
		298A29871A0B0143007D2D46 /* ViewController.h */ = {isa = PBXFileReference; lastKnownFileType = sourcecode.c.h; path = ViewController.h; sourceTree = "<group>"; };
		298A29881A0B0143007D2D46 /* ViewController.m */ = {isa = PBXFileReference; lastKnownFileType = sourcecode.c.objc; path = ViewController.m; sourceTree = "<group>"; };
		298A298B1A0B0143007D2D46 /* Base */ = {isa = PBXFileReference; lastKnownFileType = file.storyboard; name = Base; path = Base.lproj/Main.storyboard; sourceTree = "<group>"; };
		298A298D1A0B0143007D2D46 /* Images.xcassets */ = {isa = PBXFileReference; lastKnownFileType = folder.assetcatalog; path = Images.xcassets; sourceTree = "<group>"; };
		298A29901A0B0143007D2D46 /* Base */ = {isa = PBXFileReference; lastKnownFileType = file.xib; name = Base; path = Base.lproj/LaunchScreen.xib; sourceTree = "<group>"; };
		298A29961A0B0143007D2D46 /* TestCoreMotionTests.xctest */ = {isa = PBXFileReference; explicitFileType = wrapper.cfbundle; includeInIndex = 0; path = TestCoreMotionTests.xctest; sourceTree = BUILT_PRODUCTS_DIR; };
		298A299B1A0B0143007D2D46 /* Info.plist */ = {isa = PBXFileReference; lastKnownFileType = text.plist.xml; path = Info.plist; sourceTree = "<group>"; };
		298A299C1A0B0143007D2D46 /* TestCoreMotionTests.m */ = {isa = PBXFileReference; lastKnownFileType = sourcecode.c.objc; path = TestCoreMotionTests.m; sourceTree = "<group>"; };
		298A29A81A0B033F007D2D46 /* SecondViewController.h */ = {isa = PBXFileReference; fileEncoding = 4; lastKnownFileType = sourcecode.c.h; path = SecondViewController.h; sourceTree = "<group>"; };
		298A29A91A0B033F007D2D46 /* SecondViewController.m */ = {isa = PBXFileReference; fileEncoding = 4; lastKnownFileType = sourcecode.c.objc; path = SecondViewController.m; sourceTree = "<group>"; };
		298A29AB1A0B0463007D2D46 /* 2.png */ = {isa = PBXFileReference; lastKnownFileType = image.png; path = 2.png; sourceTree = "<group>"; };
		298A29AD1A0B06FC007D2D46 /* Default-568h@2x.png */ = {isa = PBXFileReference; lastKnownFileType = image.png; path = "Default-568h@2x.png"; sourceTree = "<group>"; };
		298A29AF1A0B0BE8007D2D46 /* 3.png */ = {isa = PBXFileReference; lastKnownFileType = image.png; path = 3.png; sourceTree = "<group>"; };
		298A29B11A0B0E45007D2D46 /* ThirdViewController.h */ = {isa = PBXFileReference; fileEncoding = 4; lastKnownFileType = sourcecode.c.h; path = ThirdViewController.h; sourceTree = "<group>"; };
		298A29B21A0B0E45007D2D46 /* ThirdViewController.m */ = {isa = PBXFileReference; fileEncoding = 4; lastKnownFileType = sourcecode.c.objc; path = ThirdViewController.m; sourceTree = "<group>"; };
		298A29B41A0B0EFB007D2D46 /* 1.png */ = {isa = PBXFileReference; lastKnownFileType = image.png; path = 1.png; sourceTree = "<group>"; };
		298A29B61A0B1377007D2D46 /* FourViewController.h */ = {isa = PBXFileReference; fileEncoding = 4; lastKnownFileType = sourcecode.c.h; path = FourViewController.h; sourceTree = "<group>"; };
		298A29B71A0B1377007D2D46 /* FourViewController.m */ = {isa = PBXFileReference; fileEncoding = 4; lastKnownFileType = sourcecode.c.objc; path = FourViewController.m; sourceTree = "<group>"; };
/* End PBXFileReference section */

/* Begin PBXFrameworksBuildPhase section */
		298A297A1A0B0143007D2D46 /* Frameworks */ = {
			isa = PBXFrameworksBuildPhase;
			buildActionMask = 2147483647;
			files = (
			);
			runOnlyForDeploymentPostprocessing = 0;
		};
		298A29931A0B0143007D2D46 /* Frameworks */ = {
			isa = PBXFrameworksBuildPhase;
			buildActionMask = 2147483647;
			files = (
			);
			runOnlyForDeploymentPostprocessing = 0;
		};
/* End PBXFrameworksBuildPhase section */

/* Begin PBXGroup section */
		298A29741A0B0143007D2D46 = {
			isa = PBXGroup;
			children = (
				298A297F1A0B0143007D2D46 /* TestCoreMotion */,
				298A29991A0B0143007D2D46 /* TestCoreMotionTests */,
				298A297E1A0B0143007D2D46 /* Products */,
			);
			sourceTree = "<group>";
		};
		298A297E1A0B0143007D2D46 /* Products */ = {
			isa = PBXGroup;
			children = (
				298A297D1A0B0143007D2D46 /* TestCoreMotion.app */,
				298A29961A0B0143007D2D46 /* TestCoreMotionTests.xctest */,
			);
			name = Products;
			sourceTree = "<group>";
		};
		298A297F1A0B0143007D2D46 /* TestCoreMotion */ = {
			isa = PBXGroup;
			children = (
				298A29B41A0B0EFB007D2D46 /* 1.png */,
				298A29AD1A0B06FC007D2D46 /* Default-568h@2x.png */,
				298A29AB1A0B0463007D2D46 /* 2.png */,
				298A29AF1A0B0BE8007D2D46 /* 3.png */,
				298A29841A0B0143007D2D46 /* AppDelegate.h */,
				298A29851A0B0143007D2D46 /* AppDelegate.m */,
				298A29871A0B0143007D2D46 /* ViewController.h */,
				298A29881A0B0143007D2D46 /* ViewController.m */,
				298A298A1A0B0143007D2D46 /* Main.storyboard */,
				298A298D1A0B0143007D2D46 /* Images.xcassets */,
				298A298F1A0B0143007D2D46 /* LaunchScreen.xib */,
				298A29801A0B0143007D2D46 /* Supporting Files */,
				298A29A81A0B033F007D2D46 /* SecondViewController.h */,
				298A29A91A0B033F007D2D46 /* SecondViewController.m */,
				298A29B11A0B0E45007D2D46 /* ThirdViewController.h */,
				298A29B21A0B0E45007D2D46 /* ThirdViewController.m */,
				298A29B61A0B1377007D2D46 /* FourViewController.h */,
				298A29B71A0B1377007D2D46 /* FourViewController.m */,
			);
			path = TestCoreMotion;
			sourceTree = "<group>";
		};
		298A29801A0B0143007D2D46 /* Supporting Files */ = {
			isa = PBXGroup;
			children = (
				298A29811A0B0143007D2D46 /* Info.plist */,
				298A29821A0B0143007D2D46 /* main.m */,
			);
			name = "Supporting Files";
			sourceTree = "<group>";
		};
		298A29991A0B0143007D2D46 /* TestCoreMotionTests */ = {
			isa = PBXGroup;
			children = (
				298A299C1A0B0143007D2D46 /* TestCoreMotionTests.m */,
				298A299A1A0B0143007D2D46 /* Supporting Files */,
			);
			path = TestCoreMotionTests;
			sourceTree = "<group>";
		};
		298A299A1A0B0143007D2D46 /* Supporting Files */ = {
			isa = PBXGroup;
			children = (
				298A299B1A0B0143007D2D46 /* Info.plist */,
			);
			name = "Supporting Files";
			sourceTree = "<group>";
		};
/* End PBXGroup section */

/* Begin PBXNativeTarget section */
		298A297C1A0B0143007D2D46 /* TestCoreMotion */ = {
			isa = PBXNativeTarget;
			buildConfigurationList = 298A29A01A0B0143007D2D46 /* Build configuration list for PBXNativeTarget "TestCoreMotion" */;
			buildPhases = (
				298A29791A0B0143007D2D46 /* Sources */,
				298A297A1A0B0143007D2D46 /* Frameworks */,
				298A297B1A0B0143007D2D46 /* Resources */,
			);
			buildRules = (
			);
			dependencies = (
			);
			name = TestCoreMotion;
			productName = TestCoreMotion;
			productReference = 298A297D1A0B0143007D2D46 /* TestCoreMotion.app */;
			productType = "com.apple.product-type.application";
		};
		298A29951A0B0143007D2D46 /* TestCoreMotionTests */ = {
			isa = PBXNativeTarget;
			buildConfigurationList = 298A29A31A0B0143007D2D46 /* Build configuration list for PBXNativeTarget "TestCoreMotionTests" */;
			buildPhases = (
				298A29921A0B0143007D2D46 /* Sources */,
				298A29931A0B0143007D2D46 /* Frameworks */,
				298A29941A0B0143007D2D46 /* Resources */,
			);
			buildRules = (
			);
			dependencies = (
				298A29981A0B0143007D2D46 /* PBXTargetDependency */,
			);
			name = TestCoreMotionTests;
			productName = TestCoreMotionTests;
			productReference = 298A29961A0B0143007D2D46 /* TestCoreMotionTests.xctest */;
			productType = "com.apple.product-type.bundle.unit-test";
		};
/* End PBXNativeTarget section */

/* Begin PBXProject section */
		298A29751A0B0143007D2D46 /* Project object */ = {
			isa = PBXProject;
			attributes = {
				LastUpgradeCheck = 0610;
				ORGANIZATIONNAME = qunar;
				TargetAttributes = {
					298A297C1A0B0143007D2D46 = {
						CreatedOnToolsVersion = 6.1;
					};
					298A29951A0B0143007D2D46 = {
						CreatedOnToolsVersion = 6.1;
						TestTargetID = 298A297C1A0B0143007D2D46;
					};
				};
			};
			buildConfigurationList = 298A29781A0B0143007D2D46 /* Build configuration list for PBXProject "TestCoreMotion" */;
			compatibilityVersion = "Xcode 3.2";
			developmentRegion = English;
			hasScannedForEncodings = 0;
			knownRegions = (
				en,
				Base,
			);
			mainGroup = 298A29741A0B0143007D2D46;
			productRefGroup = 298A297E1A0B0143007D2D46 /* Products */;
			projectDirPath = "";
			projectRoot = "";
			targets = (
				298A297C1A0B0143007D2D46 /* TestCoreMotion */,
				298A29951A0B0143007D2D46 /* TestCoreMotionTests */,
			);
		};
/* End PBXProject section */

/* Begin PBXResourcesBuildPhase section */
		298A297B1A0B0143007D2D46 /* Resources */ = {
			isa = PBXResourcesBuildPhase;
			buildActionMask = 2147483647;
			files = (
				298A298C1A0B0143007D2D46 /* Main.storyboard in Resources */,
				298A29AC1A0B0463007D2D46 /* 2.png in Resources */,
				298A29911A0B0143007D2D46 /* LaunchScreen.xib in Resources */,
				298A29B01A0B0BE8007D2D46 /* 3.png in Resources */,
				298A29AE1A0B06FC007D2D46 /* Default-568h@2x.png in Resources */,
				298A298E1A0B0143007D2D46 /* Images.xcassets in Resources */,
				298A29B51A0B0EFB007D2D46 /* 1.png in Resources */,
			);
			runOnlyForDeploymentPostprocessing = 0;
		};
		298A29941A0B0143007D2D46 /* Resources */ = {
			isa = PBXResourcesBuildPhase;
			buildActionMask = 2147483647;
			files = (
			);
			runOnlyForDeploymentPostprocessing = 0;
		};
/* End PBXResourcesBuildPhase section */

/* Begin PBXSourcesBuildPhase section */
		298A29791A0B0143007D2D46 /* Sources */ = {
			isa = PBXSourcesBuildPhase;
			buildActionMask = 2147483647;
			files = (
				298A29B81A0B1377007D2D46 /* FourViewController.m in Sources */,
				298A29AA1A0B033F007D2D46 /* SecondViewController.m in Sources */,
				298A29B31A0B0E45007D2D46 /* ThirdViewController.m in Sources */,
				298A29891A0B0143007D2D46 /* ViewController.m in Sources */,
				298A29861A0B0143007D2D46 /* AppDelegate.m in Sources */,
				298A29831A0B0143007D2D46 /* main.m in Sources */,
			);
			runOnlyForDeploymentPostprocessing = 0;
		};
		298A29921A0B0143007D2D46 /* Sources */ = {
			isa = PBXSourcesBuildPhase;
			buildActionMask = 2147483647;
			files = (
				298A299D1A0B0143007D2D46 /* TestCoreMotionTests.m in Sources */,
			);
			runOnlyForDeploymentPostprocessing = 0;
		};
/* End PBXSourcesBuildPhase section */

/* Begin PBXTargetDependency section */
		298A29981A0B0143007D2D46 /* PBXTargetDependency */ = {
			isa = PBXTargetDependency;
			target = 298A297C1A0B0143007D2D46 /* TestCoreMotion */;
			targetProxy = 298A29971A0B0143007D2D46 /* PBXContainerItemProxy */;
		};
/* End PBXTargetDependency section */

/* Begin PBXVariantGroup section */
		298A298A1A0B0143007D2D46 /* Main.storyboard */ = {
			isa = PBXVariantGroup;
			children = (
				298A298B1A0B0143007D2D46 /* Base */,
			);
			name = Main.storyboard;
			sourceTree = "<group>";
		};
		298A298F1A0B0143007D2D46 /* LaunchScreen.xib */ = {
			isa = PBXVariantGroup;
			children = (
				298A29901A0B0143007D2D46 /* Base */,
			);
			name = LaunchScreen.xib;
			sourceTree = "<group>";
		};
/* End PBXVariantGroup section */

/* Begin XCBuildConfiguration section */
		298A299E1A0B0143007D2D46 /* Debug */ = {
			isa = XCBuildConfiguration;
			buildSettings = {
				ALWAYS_SEARCH_USER_PATHS = NO;
				CLANG_CXX_LANGUAGE_STANDARD = "gnu++0x";
				CLANG_CXX_LIBRARY = "libc++";
				CLANG_ENABLE_MODULES = YES;
				CLANG_ENABLE_OBJC_ARC = YES;
				CLANG_WARN_BOOL_CONVERSION = YES;
				CLANG_WARN_CONSTANT_CONVERSION = YES;
				CLANG_WARN_DIRECT_OBJC_ISA_USAGE = YES_ERROR;
				CLANG_WARN_EMPTY_BODY = YES;
				CLANG_WARN_ENUM_CONVERSION = YES;
				CLANG_WARN_INT_CONVERSION = YES;
				CLANG_WARN_OBJC_ROOT_CLASS = YES_ERROR;
				CLANG_WARN_UNREACHABLE_CODE = YES;
				CLANG_WARN__DUPLICATE_METHOD_MATCH = YES;
				"CODE_SIGN_IDENTITY[sdk=iphoneos*]" = "iPhone Developer";
				COPY_PHASE_STRIP = NO;
				ENABLE_STRICT_OBJC_MSGSEND = YES;
				GCC_C_LANGUAGE_STANDARD = gnu99;
				GCC_DYNAMIC_NO_PIC = NO;
				GCC_OPTIMIZATION_LEVEL = 0;
				GCC_PREPROCESSOR_DEFINITIONS = (
					"DEBUG=1",
					"$(inherited)",
				);
				GCC_SYMBOLS_PRIVATE_EXTERN = NO;
				GCC_WARN_64_TO_32_BIT_CONVERSION = YES;
				GCC_WARN_ABOUT_RETURN_TYPE = YES_ERROR;
				GCC_WARN_UNDECLARED_SELECTOR = YES;
				GCC_WARN_UNINITIALIZED_AUTOS = YES_AGGRESSIVE;
				GCC_WARN_UNUSED_FUNCTION = YES;
				GCC_WARN_UNUSED_VARIABLE = YES;
				IPHONEOS_DEPLOYMENT_TARGET = 8.1;
				MTL_ENABLE_DEBUG_INFO = YES;
				ONLY_ACTIVE_ARCH = YES;
				SDKROOT = iphoneos;
			};
			name = Debug;
		};
		298A299F1A0B0143007D2D46 /* Release */ = {
			isa = XCBuildConfiguration;
			buildSettings = {
				ALWAYS_SEARCH_USER_PATHS = NO;
				CLANG_CXX_LANGUAGE_STANDARD = "gnu++0x";
				CLANG_CXX_LIBRARY = "libc++";
				CLANG_ENABLE_MODULES = YES;
				CLANG_ENABLE_OBJC_ARC = YES;
				CLANG_WARN_BOOL_CONVERSION = YES;
				CLANG_WARN_CONSTANT_CONVERSION = YES;
				CLANG_WARN_DIRECT_OBJC_ISA_USAGE = YES_ERROR;
				CLANG_WARN_EMPTY_BODY = YES;
				CLANG_WARN_ENUM_CONVERSION = YES;
				CLANG_WARN_INT_CONVERSION = YES;
				CLANG_WARN_OBJC_ROOT_CLASS = YES_ERROR;
				CLANG_WARN_UNREACHABLE_CODE = YES;
				CLANG_WARN__DUPLICATE_METHOD_MATCH = YES;
				"CODE_SIGN_IDENTITY[sdk=iphoneos*]" = "iPhone Developer";
				COPY_PHASE_STRIP = YES;
				ENABLE_NS_ASSERTIONS = NO;
				ENABLE_STRICT_OBJC_MSGSEND = YES;
				GCC_C_LANGUAGE_STANDARD = gnu99;
				GCC_WARN_64_TO_32_BIT_CONVERSION = YES;
				GCC_WARN_ABOUT_RETURN_TYPE = YES_ERROR;
				GCC_WARN_UNDECLARED_SELECTOR = YES;
				GCC_WARN_UNINITIALIZED_AUTOS = YES_AGGRESSIVE;
				GCC_WARN_UNUSED_FUNCTION = YES;
				GCC_WARN_UNUSED_VARIABLE = YES;
				IPHONEOS_DEPLOYMENT_TARGET = 8.1;
				MTL_ENABLE_DEBUG_INFO = NO;
				SDKROOT = iphoneos;
				VALIDATE_PRODUCT = YES;
			};
			name = Release;
		};
		298A29A11A0B0143007D2D46 /* Debug */ = {
			isa = XCBuildConfiguration;
			buildSettings = {
				ASSETCATALOG_COMPILER_APPICON_NAME = AppIcon;
				INFOPLIST_FILE = TestCoreMotion/Info.plist;
				IPHONEOS_DEPLOYMENT_TARGET = 6.0;
				LD_RUNPATH_SEARCH_PATHS = "$(inherited) @executable_path/Frameworks";
				PRODUCT_NAME = "$(TARGET_NAME)";
			};
			name = Debug;
		};
		298A29A21A0B0143007D2D46 /* Release */ = {
			isa = XCBuildConfiguration;
			buildSettings = {
				ASSETCATALOG_COMPILER_APPICON_NAME = AppIcon;
				INFOPLIST_FILE = TestCoreMotion/Info.plist;
				IPHONEOS_DEPLOYMENT_TARGET = 6.0;
				LD_RUNPATH_SEARCH_PATHS = "$(inherited) @executable_path/Frameworks";
				PRODUCT_NAME = "$(TARGET_NAME)";
			};
			name = Release;
		};
		298A29A41A0B0143007D2D46 /* Debug */ = {
			isa = XCBuildConfiguration;
			buildSettings = {
				BUNDLE_LOADER = "$(TEST_HOST)";
				FRAMEWORK_SEARCH_PATHS = (
					"$(SDKROOT)/Developer/Library/Frameworks",
					"$(inherited)",
				);
				GCC_PREPROCESSOR_DEFINITIONS = (
					"DEBUG=1",
					"$(inherited)",
				);
				INFOPLIST_FILE = TestCoreMotionTests/Info.plist;
				LD_RUNPATH_SEARCH_PATHS = "$(inherited) @executable_path/Frameworks @loader_path/Frameworks";
				PRODUCT_NAME = "$(TARGET_NAME)";
				TEST_HOST = "$(BUILT_PRODUCTS_DIR)/TestCoreMotion.app/TestCoreMotion";
			};
			name = Debug;
		};
		298A29A51A0B0143007D2D46 /* Release */ = {
			isa = XCBuildConfiguration;
			buildSettings = {
				BUNDLE_LOADER = "$(TEST_HOST)";
				FRAMEWORK_SEARCH_PATHS = (
					"$(SDKROOT)/Developer/Library/Frameworks",
					"$(inherited)",
				);
				INFOPLIST_FILE = TestCoreMotionTests/Info.plist;
				LD_RUNPATH_SEARCH_PATHS = "$(inherited) @executable_path/Frameworks @loader_path/Frameworks";
				PRODUCT_NAME = "$(TARGET_NAME)";
				TEST_HOST = "$(BUILT_PRODUCTS_DIR)/TestCoreMotion.app/TestCoreMotion";
			};
			name = Release;
		};
/* End XCBuildConfiguration section */

/* Begin XCConfigurationList section */
		298A29781A0B0143007D2D46 /* Build configuration list for PBXProject "TestCoreMotion" */ = {
			isa = XCConfigurationList;
			buildConfigurations = (
				298A299E1A0B0143007D2D46 /* Debug */,
				298A299F1A0B0143007D2D46 /* Release */,
			);
			defaultConfigurationIsVisible = 0;
			defaultConfigurationName = Release;
		};
		298A29A01A0B0143007D2D46 /* Build configuration list for PBXNativeTarget "TestCoreMotion" */ = {
			isa = XCConfigurationList;
			buildConfigurations = (
				298A29A11A0B0143007D2D46 /* Debug */,
				298A29A21A0B0143007D2D46 /* Release */,
			);
			defaultConfigurationIsVisible = 0;
		};
		298A29A31A0B0143007D2D46 /* Build configuration list for PBXNativeTarget "TestCoreMotionTests" */ = {
			isa = XCConfigurationList;
			buildConfigurations = (
				298A29A41A0B0143007D2D46 /* Debug */,
				298A29A51A0B0143007D2D46 /* Release */,
			);
			defaultConfigurationIsVisible = 0;
		};
/* End XCConfigurationList section */
	};
	rootObject = 298A29751A0B0143007D2D46 /* Project object */;
}
